
Microsoft Visual Studio Solution File, Format Version 12.00
# Visual Studio Version 17
VisualStudioVersion = 17.14.36915.13 d17.14
MinimumVisualStudioVersion = 10.0.40219.1
Project("{FAE04EC0-301F-11D3-BF4B-00C04F79EFBC}") = "DNDValueRoller", "ConsoleApp1\DNDValueRoller.csproj", "{C5019FDD-1142-4E1A-8D08-31FEA77283A0}"
EndProject
Global
	GlobalSection(SolutionConfigurationPlatforms) = preSolution
		Debug|Any CPU = Debug|Any CPU
		Release|Any CPU = Release|Any CPU
	EndGlobalSection
	GlobalSection(ProjectConfigurationPlatforms) = postSolution
		{C5019FDD-1142-4E1A-8D08-31FEA77283A0}.Debug|Any CPU.ActiveCfg = Debug|Any CPU
		{C5019FDD-1142-4E1A-8D08-31FEA77283A0}.Debug|Any CPU.Build.0 = Debug|Any CPU
		{C5019FDD-1142-4E1A-8D08-31FEA77283A0}.Release|Any CPU.ActiveCfg = Release|Any CPU
		{C5019FDD-1142-4E1A-8D08-31FEA77283A0}.Release|Any CPU.Build.0 = Release|Any CPU
	EndGlobalSection
	GlobalSection(SolutionProperties) = preSolution
		HideSolutionNode = FALSE
	EndGlobalSection
	GlobalSection(ExtensibilityGlobals) = postSolution
		SolutionGuid = {5515219C-A017-4C15-84E1-8A86E1A797EE}
	EndGlobalSection
EndGlobal
